# THIS IS AN AUTOGENERATED FILE. DO NOT EDIT THIS FILE DIRECTLY.
# yarn lockfile v1


"@raydeck/walk-dependencies@^1.6.2":
  version "1.6.2"
  resolved "https://registry.yarnpkg.com/@raydeck/walk-dependencies/-/walk-dependencies-1.6.2.tgz#ed07350c013c3def971271061ba5bd4db1854498"
  integrity sha512-O0oUTelNGGy/hxK0QGSxoUbLpWwBgPP+MJNiRBrO7AzG2py17GkEQHb7m812kJUTMn7m5lwOtZuS4lXol79n0Q==

commander@^2.13.0:
  version "2.13.0"
  resolved "https://registry.npmjs.org/commander/-/commander-2.13.0.tgz#6964bca67685df7c1f1430c584f07d7597885b9c"

semver@^5.4.1:
  version "5.5.0"
  resolved "https://registry.npmjs.org/semver/-/semver-5.5.0.tgz#dc4bbc7a6ca9d916dee5d43516f0092b58f7b8ab"

yarnif@^1.4.0:
  version "1.4.0"
  resolved "https://registry.npmjs.org/yarnif/-/yarnif-1.4.0.tgz#b01332cf93e7065f421e09f9dbb42cbbf2057c57"
  dependencies:
    semver "^5.4.1"
